[[tools.bun]]
version = "1.2.22"
backend = "core:bun"

[tools.bun.platforms.macos-arm64]
checksum = "blake3:ec41528ae2badd9c5d41cefe2c463a307c46d9b5f0ccf157d6f406890340833e"
size = 22178114

[[tools.git-cliff]]
version = "2.10.1"
backend = "ubi:orhun/git-cliff"

[tools.git-cliff.platforms.macos-arm64-git-cliff]
checksum = "blake3:5e5de7113bd042e9868e9df6d30e6037329d37153120fe8d7cd6a112f3921084"

[[tools.go]]
version = "1.25.1"
backend = "core:go"

[tools.go.platforms.linux-arm64]
checksum = "sha256:65a3e34fb2126f55b34e1edfc709121660e1be2dee6bdf405fc399a63a95a87d"
size = 57161194
url = "https://dl.google.com/go/go1.25.1.linux-arm64.tar.gz"

[tools.go.platforms.linux-x64]
checksum = "sha256:7716a0d940a0f6ae8e1f3b3f4f36299dc53e31b16840dbd171254312c41ca12e"
size = 59660846
url = "https://dl.google.com/go/go1.25.1.linux-amd64.tar.gz"

[[tools."go:github.com/thenativeweb/get-next-version"]]
version = "latest"
backend = "go:github.com/thenativeweb/get-next-version"

[[tools."go:golang.org/x/tools/cmd/goimports"]]
version = "0.37.0"
backend = "go:golang.org/x/tools/cmd/goimports"

[[tools."go:gotest.tools/gotestsum"]]
version = "1.13.0"
backend = "go:gotest.tools/gotestsum"

[[tools."go:mvdan.cc/sh/v3/cmd/shfmt"]]
version = "3.12.0"
backend = "go:mvdan.cc/sh/v3/cmd/shfmt"

[[tools.golangci-lint]]
version = "2.4.0"
backend = "aqua:golangci-lint"

[tools.golangci-lint.platforms.linux-arm64]
checksum = "sha256:70ac11f55b80ec78fd3a879249cc9255121b8dfd7f7ed4fc46ed137f4abf17e7"
size = 12905811
url = "https://github.com/golangci/golangci-lint/releases/download/v2.4.0/golangci-lint-2.4.0-linux-arm64.tar.gz"

[tools.golangci-lint.platforms.linux-x64]
checksum = "sha256:fae792524c04424c0ac369f5b8076f04b45cf29fc945a370e55d369a8dc11840"
size = 14126779
url = "https://github.com/golangci/golangci-lint/releases/download/v2.4.0/golangci-lint-2.4.0-linux-amd64.tar.gz"

[[tools.goreleaser]]
version = "2.12.2"
backend = "aqua:goreleaser/goreleaser"

[tools.goreleaser.platforms.macos-arm64]
checksum = "sha256:28e7db397dc342ed751a91b66cb8f71694bf30fe1f0850e8c7fb225a05435e9d"
size = 52187054
url = "https://github.com/goreleaser/goreleaser/releases/download/v2.12.2/goreleaser_Darwin_all.tar.gz"
